{
  "version": 4,
  "terraform_version": "1.0.2",
  "serial": 10,
  "lineage": "df1f2f86-b76e-83e1-2563-f615e004591d",
  "outputs": {},
  "resources": [
    {
      "mode": "data",
      "type": "digitalocean_ssh_key",
      "name": "kit_MM",
      "provider": "provider[\"registry.terraform.io/digitalocean/digitalocean\"]",
      "instances": [
        {
          "schema_version": 0,
          "attributes": {
            "fingerprint": "6e:0d:72:b0:47:9a:99:47:bc:22:d6:e8:48:69:63:04",
            "id": 32278558,
            "name": "kit_MM",
            "public_key": "ssh-rsa AAAAB3NzaC1yc2EAAAADAQABAAABgQDy4iFsMzxckPE66/0Jw1rCumhdTEDmFT6Ce4lKvxOMN+wy4bM+0rPw16pew9K5G9kAJNLI0sUc3k4S0KV7VIVYaBVNz7syT12YWOo5kqFu9ygFkd7PdsK7f/ECnEnbcL2Eu8ok2+ahpi5/20Q82oQuDt7CNCXH5RHTPeyi0IzZ2taQsOYwEZ9RsSyTNID5TrNc6N85mBan94BT83JCT8YSAR72xkPgdYQsPTsnqrtCcNpDdySBdlMhqriRq+kmb5GXnym4IliT8si4iucuheUPeXDtm+Jz+yksyRmC9MSeNn8pkvgJyKI6wufAVvPfTbYQlIFVnDaxkNXmjyQ5WxzwCHS2KXPAfeI5WeJSa9jpZ2JXlfwVmT6dY60Qt+ZIMvD0BgDq2lE7/vsHAEayDiYfnrF51b5wxnTnC08iLv20xQZE97e0IrlCOMMMEUKuFVQCKG4uO2EVZ7/vZaCsMdQ1zIa4Z3mtUJtv7sLqQXnEJjSG3/g8ylD5fBu7sXjoSC0= kit@MacMinis-Mac-mini.local"
          },
          "sensitive_attributes": []
        }
      ]
    },
    {
      "mode": "managed",
      "type": "digitalocean_droplet",
      "name": "www-1",
      "provider": "provider[\"registry.terraform.io/digitalocean/digitalocean\"]",
      "instances": [
        {
          "schema_version": 1,
          "attributes": {
            "backups": false,
            "created_at": "2021-11-08T21:35:36Z",
            "disk": 25,
            "droplet_agent": null,
            "graceful_shutdown": false,
            "id": "272803858",
            "image": "ubuntu-20-04-x64",
            "ipv4_address": "165.232.70.186",
            "ipv4_address_private": "10.114.0.3",
            "ipv6": false,
            "ipv6_address": "",
            "locked": false,
            "memory": 1024,
            "monitoring": false,
            "name": "www-1",
            "price_hourly": 0.00744,
            "price_monthly": 5,
            "private_networking": true,
            "region": "fra1",
            "resize_disk": true,
            "size": "s-1vcpu-1gb",
            "ssh_keys": [
              "32278558"
            ],
            "status": "active",
            "tags": null,
            "urn": "do:droplet:272803858",
            "user_data": null,
            "vcpus": 1,
            "volume_ids": [],
            "vpc_uuid": "fd8023a5-99fa-4052-9191-d23234da4591"
          },
          "sensitive_attributes": [],
          "private": "eyJzY2hlbWFfdmVyc2lvbiI6IjEifQ==",
          "dependencies": [
            "data.digitalocean_ssh_key.kit_MM"
          ]
        }
      ]
    },
    {
      "mode": "managed",
      "type": "digitalocean_droplet",
      "name": "www-2",
      "provider": "provider[\"registry.terraform.io/digitalocean/digitalocean\"]",
      "instances": [
        {
          "schema_version": 1,
          "attributes": {
            "backups": false,
            "created_at": "2021-11-08T21:35:36Z",
            "disk": 25,
            "droplet_agent": null,
            "graceful_shutdown": false,
            "id": "272803859",
            "image": "ubuntu-20-04-x64",
            "ipv4_address": "164.90.217.83",
            "ipv4_address_private": "10.114.0.2",
            "ipv6": false,
            "ipv6_address": "",
            "locked": false,
            "memory": 1024,
            "monitoring": false,
            "name": "www-2",
            "price_hourly": 0.00744,
            "price_monthly": 5,
            "private_networking": true,
            "region": "fra1",
            "resize_disk": true,
            "size": "s-1vcpu-1gb",
            "ssh_keys": [
              "32278558"
            ],
            "status": "active",
            "tags": null,
            "urn": "do:droplet:272803859",
            "user_data": null,
            "vcpus": 1,
            "volume_ids": [],
            "vpc_uuid": "fd8023a5-99fa-4052-9191-d23234da4591"
          },
          "sensitive_attributes": [],
          "private": "eyJzY2hlbWFfdmVyc2lvbiI6IjEifQ==",
          "dependencies": [
            "data.digitalocean_ssh_key.kit_MM"
          ]
        }
      ]
    }
  ]
}
